{
  "name": "k2-projekt-rozwojowy",
  "version": "1.0.0",
  "lockfileVersion": 1,
  "requires": true,
  "dependencies": {
    "multer-sharp-s3": {
      "version": "0.1.0",
      "resolved": "https://registry.npmjs.org/multer-sharp-s3/-/multer-sharp-s3-0.1.0.tgz",
      "integrity": "sha512-MMHY599e/OmTWlW3RTZd/Y1+0lfNmc70DTlsugPY0iYeJjhXgoUVuAVXPmYyRlY97cD/EUQJsWw+wwXfURovvg==",
      "requires": {
        "mime-types": "^2.1.21",
        "rxjs": "^6.3.3",
        "sharp": "0.23.0",
        "yarn.lock": "^0.0.1-security"
      }
    }
  }
}
